
Microsoft Visual Studio Solution File, Format Version 12.00
# Visual Studio 2012
Project("{FAE04EC0-301F-11D3-BF4B-00C04F79EFBC}") = "domotique_admin_WF", "domotique_admin_WF\domotique_admin_WF.csproj", "{89321179-95B0-4015-9E11-A3D23C606BE7}"
EndProject
Global
	GlobalSection(SolutionConfigurationPlatforms) = preSolution
		Debug|Any CPU = Debug|Any CPU
		Release|Any CPU = Release|Any CPU
	EndGlobalSection
	GlobalSection(ProjectConfigurationPlatforms) = postSolution
		{89321179-95B0-4015-9E11-A3D23C606BE7}.Debug|Any CPU.ActiveCfg = Debug|Any CPU
		{89321179-95B0-4015-9E11-A3D23C606BE7}.Debug|Any CPU.Build.0 = Debug|Any CPU
		{89321179-95B0-4015-9E11-A3D23C606BE7}.Release|Any CPU.ActiveCfg = Release|Any CPU
		{89321179-95B0-4015-9E11-A3D23C606BE7}.Release|Any CPU.Build.0 = Release|Any CPU
	EndGlobalSection
	GlobalSection(SolutionProperties) = preSolution
		HideSolutionNode = FALSE
	EndGlobalSection
EndGlobal
